
Microsoft Visual Studio Solution File, Format Version 12.00
# Visual Studio Version 17
VisualStudioVersion = 17.0.31903.59
MinimumVisualStudioVersion = 10.0.40219.1
Project("{FAE04EC0-301F-11D3-BF4B-00C04F79EFBC}") = "Brimborium.LogicClock", "Brimborium.LogicClock\Brimborium.LogicClock.csproj", "{8770621D-F8F3-4FED-96BA-F40A99EF03FE}"
EndProject
Project("{FAE04EC0-301F-11D3-BF4B-00C04F79EFBC}") = "Brimborium.LogicClock.Test", "Brimborium.LogicClock.Test\Brimborium.LogicClock.Test.csproj", "{FBB3D7B2-779E-4F56-864C-A75866A1BECE}"
EndProject
Project("{FAE04EC0-301F-11D3-BF4B-00C04F79EFBC}") = "Brimborium.LogicClock.Sample", "Brimborium.LogicClock.Sample\Brimborium.LogicClock.Sample.csproj", "{B8C1FDB8-9D98-408A-BE00-75DBAFE22895}"
EndProject
Global
	GlobalSection(SolutionConfigurationPlatforms) = preSolution
		Debug|Any CPU = Debug|Any CPU
		Release|Any CPU = Release|Any CPU
	EndGlobalSection
	GlobalSection(ProjectConfigurationPlatforms) = postSolution
		{8770621D-F8F3-4FED-96BA-F40A99EF03FE}.Debug|Any CPU.ActiveCfg = Debug|Any CPU
		{8770621D-F8F3-4FED-96BA-F40A99EF03FE}.Debug|Any CPU.Build.0 = Debug|Any CPU
		{8770621D-F8F3-4FED-96BA-F40A99EF03FE}.Release|Any CPU.ActiveCfg = Release|Any CPU
		{8770621D-F8F3-4FED-96BA-F40A99EF03FE}.Release|Any CPU.Build.0 = Release|Any CPU
		{FBB3D7B2-779E-4F56-864C-A75866A1BECE}.Debug|Any CPU.ActiveCfg = Debug|Any CPU
		{FBB3D7B2-779E-4F56-864C-A75866A1BECE}.Debug|Any CPU.Build.0 = Debug|Any CPU
		{FBB3D7B2-779E-4F56-864C-A75866A1BECE}.Release|Any CPU.ActiveCfg = Release|Any CPU
		{FBB3D7B2-779E-4F56-864C-A75866A1BECE}.Release|Any CPU.Build.0 = Release|Any CPU
		{B8C1FDB8-9D98-408A-BE00-75DBAFE22895}.Debug|Any CPU.ActiveCfg = Debug|Any CPU
		{B8C1FDB8-9D98-408A-BE00-75DBAFE22895}.Debug|Any CPU.Build.0 = Debug|Any CPU
		{B8C1FDB8-9D98-408A-BE00-75DBAFE22895}.Release|Any CPU.ActiveCfg = Release|Any CPU
		{B8C1FDB8-9D98-408A-BE00-75DBAFE22895}.Release|Any CPU.Build.0 = Release|Any CPU
	EndGlobalSection
	GlobalSection(SolutionProperties) = preSolution
		HideSolutionNode = FALSE
	EndGlobalSection
	GlobalSection(ExtensibilityGlobals) = postSolution
		SolutionGuid = {96C48F16-5A3D-418C-9E5C-689AA855DC8B}
	EndGlobalSection
EndGlobal
